// !$*UTF8*$!
{
	archiveVersion = 1;
	classes = {
	};
	objectVersion = 50;
	objects = {

/* Begin PBXBuildFile section */
		7694307E25B0C5BA00384461 /* AppDelegate.swift in Sources */ = {isa = PBXBuildFile; fileRef = 7694307D25B0C5BA00384461 /* AppDelegate.swift */; };
		7694308025B0C5BA00384461 /* SceneDelegate.swift in Sources */ = {isa = PBXBuildFile; fileRef = 7694307F25B0C5BA00384461 /* SceneDelegate.swift */; };
		7694308225B0C5BA00384461 /* ViewController.swift in Sources */ = {isa = PBXBuildFile; fileRef = 7694308125B0C5BA00384461 /* ViewController.swift */; };
		7694308725B0C5BD00384461 /* Assets.xcassets in Resources */ = {isa = PBXBuildFile; fileRef = 7694308625B0C5BD00384461 /* Assets.xcassets */; };
		7694308A25B0C5BD00384461 /* LaunchScreen.storyboard in Resources */ = {isa = PBXBuildFile; fileRef = 7694308825B0C5BD00384461 /* LaunchScreen.storyboard */; };
		7694309525B0CAED00384461 /* PushNotificationsController.swift in Sources */ = {isa = PBXBuildFile; fileRef = 7694309425B0CAED00384461 /* PushNotificationsController.swift */; };
		7694309825B0CB1C00384461 /* PushNotificationsWindow.swift in Sources */ = {isa = PBXBuildFile; fileRef = 7694309725B0CB1C00384461 /* PushNotificationsWindow.swift */; };
		7694309B25B0CB5300384461 /* PushNotificationView.swift in Sources */ = {isa = PBXBuildFile; fileRef = 7694309A25B0CB5300384461 /* PushNotificationView.swift */; };
		7694309E25B0D06A00384461 /* InAppNotifications.swift in Sources */ = {isa = PBXBuildFile; fileRef = 7694309D25B0D06A00384461 /* InAppNotifications.swift */; };
		769430A125B0E4F000384461 /* ChatViewController.swift in Sources */ = {isa = PBXBuildFile; fileRef = 769430A025B0E4F000384461 /* ChatViewController.swift */; };
		769430A425B17D9700384461 /* Extensions.swift in Sources */ = {isa = PBXBuildFile; fileRef = 769430A325B17D9700384461 /* Extensions.swift */; };
/* End PBXBuildFile section */

/* Begin PBXFileReference section */
		7694307A25B0C5BA00384461 /* InAppPushNotifications.app */ = {isa = PBXFileReference; explicitFileType = wrapper.application; includeInIndex = 0; path = InAppPushNotifications.app; sourceTree = BUILT_PRODUCTS_DIR; };
		7694307D25B0C5BA00384461 /* AppDelegate.swift */ = {isa = PBXFileReference; lastKnownFileType = sourcecode.swift; path = AppDelegate.swift; sourceTree = "<group>"; };
		7694307F25B0C5BA00384461 /* SceneDelegate.swift */ = {isa = PBXFileReference; lastKnownFileType = sourcecode.swift; path = SceneDelegate.swift; sourceTree = "<group>"; };
		7694308125B0C5BA00384461 /* ViewController.swift */ = {isa = PBXFileReference; lastKnownFileType = sourcecode.swift; path = ViewController.swift; sourceTree = "<group>"; };
		7694308625B0C5BD00384461 /* Assets.xcassets */ = {isa = PBXFileReference; lastKnownFileType = folder.assetcatalog; path = Assets.xcassets; sourceTree = "<group>"; };
		7694308925B0C5BD00384461 /* Base */ = {isa = PBXFileReference; lastKnownFileType = file.storyboard; name = Base; path = Base.lproj/LaunchScreen.storyboard; sourceTree = "<group>"; };
		7694308B25B0C5BD00384461 /* Info.plist */ = {isa = PBXFileReference; lastKnownFileType = text.plist.xml; path = Info.plist; sourceTree = "<group>"; };
		7694309425B0CAED00384461 /* PushNotificationsController.swift */ = {isa = PBXFileReference; lastKnownFileType = sourcecode.swift; path = PushNotificationsController.swift; sourceTree = "<group>"; };
		7694309725B0CB1C00384461 /* PushNotificationsWindow.swift */ = {isa = PBXFileReference; lastKnownFileType = sourcecode.swift; path = PushNotificationsWindow.swift; sourceTree = "<group>"; };
		7694309A25B0CB5300384461 /* PushNotificationView.swift */ = {isa = PBXFileReference; lastKnownFileType = sourcecode.swift; path = PushNotificationView.swift; sourceTree = "<group>"; };
		7694309D25B0D06A00384461 /* InAppNotifications.swift */ = {isa = PBXFileReference; lastKnownFileType = sourcecode.swift; path = InAppNotifications.swift; sourceTree = "<group>"; };
		769430A025B0E4F000384461 /* ChatViewController.swift */ = {isa = PBXFileReference; lastKnownFileType = sourcecode.swift; path = ChatViewController.swift; sourceTree = "<group>"; };
		769430A325B17D9700384461 /* Extensions.swift */ = {isa = PBXFileReference; lastKnownFileType = sourcecode.swift; path = Extensions.swift; sourceTree = "<group>"; };
/* End PBXFileReference section */

/* Begin PBXFrameworksBuildPhase section */
		7694307725B0C5BA00384461 /* Frameworks */ = {
			isa = PBXFrameworksBuildPhase;
			buildActionMask = 2147483647;
			files = (
			);
			runOnlyForDeploymentPostprocessing = 0;
		};
/* End PBXFrameworksBuildPhase section */

/* Begin PBXGroup section */
		7694307125B0C5BA00384461 = {
			isa = PBXGroup;
			children = (
				7694307C25B0C5BA00384461 /* InAppPushNotifications */,
				7694307B25B0C5BA00384461 /* Products */,
			);
			sourceTree = "<group>";
		};
		7694307B25B0C5BA00384461 /* Products */ = {
			isa = PBXGroup;
			children = (
				7694307A25B0C5BA00384461 /* InAppPushNotifications.app */,
			);
			name = Products;
			sourceTree = "<group>";
		};
		7694307C25B0C5BA00384461 /* InAppPushNotifications */ = {
			isa = PBXGroup;
			children = (
				7694307D25B0C5BA00384461 /* AppDelegate.swift */,
				7694309425B0CAED00384461 /* PushNotificationsController.swift */,
				7694309725B0CB1C00384461 /* PushNotificationsWindow.swift */,
				7694309A25B0CB5300384461 /* PushNotificationView.swift */,
				769430A325B17D9700384461 /* Extensions.swift */,
				7694309D25B0D06A00384461 /* InAppNotifications.swift */,
				7694307F25B0C5BA00384461 /* SceneDelegate.swift */,
				7694308125B0C5BA00384461 /* ViewController.swift */,
				769430A025B0E4F000384461 /* ChatViewController.swift */,
				7694308625B0C5BD00384461 /* Assets.xcassets */,
				7694308825B0C5BD00384461 /* LaunchScreen.storyboard */,
				7694308B25B0C5BD00384461 /* Info.plist */,
			);
			path = InAppPushNotifications;
			sourceTree = "<group>";
		};
/* End PBXGroup section */

/* Begin PBXNativeTarget section */
		7694307925B0C5BA00384461 /* InAppPushNotifications */ = {
			isa = PBXNativeTarget;
			buildConfigurationList = 7694308E25B0C5BD00384461 /* Build configuration list for PBXNativeTarget "InAppPushNotifications" */;
			buildPhases = (
				7694307625B0C5BA00384461 /* Sources */,
				7694307725B0C5BA00384461 /* Frameworks */,
				7694307825B0C5BA00384461 /* Resources */,
			);
			buildRules = (
			);
			dependencies = (
			);
			name = InAppPushNotifications;
			productName = InAppPushNotifications;
			productReference = 7694307A25B0C5BA00384461 /* InAppPushNotifications.app */;
			productType = "com.apple.product-type.application";
		};
/* End PBXNativeTarget section */

/* Begin PBXProject section */
		7694307225B0C5BA00384461 /* Project object */ = {
			isa = PBXProject;
			attributes = {
				LastSwiftUpdateCheck = 1230;
				LastUpgradeCheck = 1230;
				TargetAttributes = {
					7694307925B0C5BA00384461 = {
						CreatedOnToolsVersion = 12.3;
					};
				};
			};
			buildConfigurationList = 7694307525B0C5BA00384461 /* Build configuration list for PBXProject "InAppPushNotifications" */;
			compatibilityVersion = "Xcode 9.3";
			developmentRegion = en;
			hasScannedForEncodings = 0;
			knownRegions = (
				en,
				Base,
			);
			mainGroup = 7694307125B0C5BA00384461;
			productRefGroup = 7694307B25B0C5BA00384461 /* Products */;
			projectDirPath = "";
			projectRoot = "";
			targets = (
				7694307925B0C5BA00384461 /* InAppPushNotifications */,
			);
		};
/* End PBXProject section */

/* Begin PBXResourcesBuildPhase section */
		7694307825B0C5BA00384461 /* Resources */ = {
			isa = PBXResourcesBuildPhase;
			buildActionMask = 2147483647;
			files = (
				7694308A25B0C5BD00384461 /* LaunchScreen.storyboard in Resources */,
				7694308725B0C5BD00384461 /* Assets.xcassets in Resources */,
			);
			runOnlyForDeploymentPostprocessing = 0;
		};
/* End PBXResourcesBuildPhase section */

/* Begin PBXSourcesBuildPhase section */
		7694307625B0C5BA00384461 /* Sources */ = {
			isa = PBXSourcesBuildPhase;
			buildActionMask = 2147483647;
			files = (
				7694309E25B0D06A00384461 /* InAppNotifications.swift in Sources */,
				769430A425B17D9700384461 /* Extensions.swift in Sources */,
				7694308225B0C5BA00384461 /* ViewController.swift in Sources */,
				769430A125B0E4F000384461 /* ChatViewController.swift in Sources */,
				7694309B25B0CB5300384461 /* PushNotificationView.swift in Sources */,
				7694309825B0CB1C00384461 /* PushNotificationsWindow.swift in Sources */,
				7694307E25B0C5BA00384461 /* AppDelegate.swift in Sources */,
				7694309525B0CAED00384461 /* PushNotificationsController.swift in Sources */,
				7694308025B0C5BA00384461 /* SceneDelegate.swift in Sources */,
			);
			runOnlyForDeploymentPostprocessing = 0;
		};
/* End PBXSourcesBuildPhase section */

/* Begin PBXVariantGroup section */
		7694308825B0C5BD00384461 /* LaunchScreen.storyboard */ = {
			isa = PBXVariantGroup;
			children = (
				7694308925B0C5BD00384461 /* Base */,
			);
			name = LaunchScreen.storyboard;
			sourceTree = "<group>";
		};
/* End PBXVariantGroup section */

/* Begin XCBuildConfiguration section */
		7694308C25B0C5BD00384461 /* Debug */ = {
			isa = XCBuildConfiguration;
			buildSettings = {
				ALWAYS_SEARCH_USER_PATHS = NO;
				CLANG_ANALYZER_NONNULL = YES;
				CLANG_ANALYZER_NUMBER_OBJECT_CONVERSION = YES_AGGRESSIVE;
				CLANG_CXX_LANGUAGE_STANDARD = "gnu++14";
				CLANG_CXX_LIBRARY = "libc++";
				CLANG_ENABLE_MODULES = YES;
				CLANG_ENABLE_OBJC_ARC = YES;
				CLANG_ENABLE_OBJC_WEAK = YES;
				CLANG_WARN_BLOCK_CAPTURE_AUTORELEASING = YES;
				CLANG_WARN_BOOL_CONVERSION = YES;
				CLANG_WARN_COMMA = YES;
				CLANG_WARN_CONSTANT_CONVERSION = YES;
				CLANG_WARN_DEPRECATED_OBJC_IMPLEMENTATIONS = YES;
				CLANG_WARN_DIRECT_OBJC_ISA_USAGE = YES_ERROR;
				CLANG_WARN_DOCUMENTATION_COMMENTS = YES;
				CLANG_WARN_EMPTY_BODY = YES;
				CLANG_WARN_ENUM_CONVERSION = YES;
				CLANG_WARN_INFINITE_RECURSION = YES;
				CLANG_WARN_INT_CONVERSION = YES;
				CLANG_WARN_NON_LITERAL_NULL_CONVERSION = YES;
				CLANG_WARN_OBJC_IMPLICIT_RETAIN_SELF = YES;
				CLANG_WARN_OBJC_LITERAL_CONVERSION = YES;
				CLANG_WARN_OBJC_ROOT_CLASS = YES_ERROR;
				CLANG_WARN_QUOTED_INCLUDE_IN_FRAMEWORK_HEADER = YES;
				CLANG_WARN_RANGE_LOOP_ANALYSIS = YES;
				CLANG_WARN_STRICT_PROTOTYPES = YES;
				CLANG_WARN_SUSPICIOUS_MOVE = YES;
				CLANG_WARN_UNGUARDED_AVAILABILITY = YES_AGGRESSIVE;
				CLANG_WARN_UNREACHABLE_CODE = YES;
				CLANG_WARN__DUPLICATE_METHOD_MATCH = YES;
				COPY_PHASE_STRIP = NO;
				DEBUG_INFORMATION_FORMAT = dwarf;
				ENABLE_STRICT_OBJC_MSGSEND = YES;
				ENABLE_TESTABILITY = YES;
				GCC_C_LANGUAGE_STANDARD = gnu11;
				GCC_DYNAMIC_NO_PIC = NO;
				GCC_NO_COMMON_BLOCKS = YES;
				GCC_OPTIMIZATION_LEVEL = 0;
				GCC_PREPROCESSOR_DEFINITIONS = (
					"DEBUG=1",
					"$(inherited)",
				);
				GCC_WARN_64_TO_32_BIT_CONVERSION = YES;
				GCC_WARN_ABOUT_RETURN_TYPE = YES_ERROR;
				GCC_WARN_UNDECLARED_SELECTOR = YES;
				GCC_WARN_UNINITIALIZED_AUTOS = YES_AGGRESSIVE;
				GCC_WARN_UNUSED_FUNCTION = YES;
				GCC_WARN_UNUSED_VARIABLE = YES;
				IPHONEOS_DEPLOYMENT_TARGET = 14.3;
				MTL_ENABLE_DEBUG_INFO = INCLUDE_SOURCE;
				MTL_FAST_MATH = YES;
				ONLY_ACTIVE_ARCH = YES;
				SDKROOT = iphoneos;
				SWIFT_ACTIVE_COMPILATION_CONDITIONS = DEBUG;
				SWIFT_OPTIMIZATION_LEVEL = "-Onone";
			};
			name = Debug;
		};
		7694308D25B0C5BD00384461 /* Release */ = {
			isa = XCBuildConfiguration;
			buildSettings = {
				ALWAYS_SEARCH_USER_PATHS = NO;
				CLANG_ANALYZER_NONNULL = YES;
				CLANG_ANALYZER_NUMBER_OBJECT_CONVERSION = YES_AGGRESSIVE;
				CLANG_CXX_LANGUAGE_STANDARD = "gnu++14";
				CLANG_CXX_LIBRARY = "libc++";
				CLANG_ENABLE_MODULES = YES;
				CLANG_ENABLE_OBJC_ARC = YES;
				CLANG_ENABLE_OBJC_WEAK = YES;
				CLANG_WARN_BLOCK_CAPTURE_AUTORELEASING = YES;
				CLANG_WARN_BOOL_CONVERSION = YES;
				CLANG_WARN_COMMA = YES;
				CLANG_WARN_CONSTANT_CONVERSION = YES;
				CLANG_WARN_DEPRECATED_OBJC_IMPLEMENTATIONS = YES;
				CLANG_WARN_DIRECT_OBJC_ISA_USAGE = YES_ERROR;
				CLANG_WARN_DOCUMENTATION_COMMENTS = YES;
				CLANG_WARN_EMPTY_BODY = YES;
				CLANG_WARN_ENUM_CONVERSION = YES;
				CLANG_WARN_INFINITE_RECURSION = YES;
				CLANG_WARN_INT_CONVERSION = YES;
				CLANG_WARN_NON_LITERAL_NULL_CONVERSION = YES;
				CLANG_WARN_OBJC_IMPLICIT_RETAIN_SELF = YES;
				CLANG_WARN_OBJC_LITERAL_CONVERSION = YES;
				CLANG_WARN_OBJC_ROOT_CLASS = YES_ERROR;
				CLANG_WARN_QUOTED_INCLUDE_IN_FRAMEWORK_HEADER = YES;
				CLANG_WARN_RANGE_LOOP_ANALYSIS = YES;
				CLANG_WARN_STRICT_PROTOTYPES = YES;
				CLANG_WARN_SUSPICIOUS_MOVE = YES;
				CLANG_WARN_UNGUARDED_AVAILABILITY = YES_AGGRESSIVE;
				CLANG_WARN_UNREACHABLE_CODE = YES;
				CLANG_WARN__DUPLICATE_METHOD_MATCH = YES;
				COPY_PHASE_STRIP = NO;
				DEBUG_INFORMATION_FORMAT = "dwarf-with-dsym";
				ENABLE_NS_ASSERTIONS = NO;
				ENABLE_STRICT_OBJC_MSGSEND = YES;
				GCC_C_LANGUAGE_STANDARD = gnu11;
				GCC_NO_COMMON_BLOCKS = YES;
				GCC_WARN_64_TO_32_BIT_CONVERSION = YES;
				GCC_WARN_ABOUT_RETURN_TYPE = YES_ERROR;
				GCC_WARN_UNDECLARED_SELECTOR = YES;
				GCC_WARN_UNINITIALIZED_AUTOS = YES_AGGRESSIVE;
				GCC_WARN_UNUSED_FUNCTION = YES;
				GCC_WARN_UNUSED_VARIABLE = YES;
				IPHONEOS_DEPLOYMENT_TARGET = 14.3;
				MTL_ENABLE_DEBUG_INFO = NO;
				MTL_FAST_MATH = YES;
				SDKROOT = iphoneos;
				SWIFT_COMPILATION_MODE = wholemodule;
				SWIFT_OPTIMIZATION_LEVEL = "-O";
				VALIDATE_PRODUCT = YES;
			};
			name = Release;
		};
		7694308F25B0C5BD00384461 /* Debug */ = {
			isa = XCBuildConfiguration;
			buildSettings = {
				ASSETCATALOG_COMPILER_APPICON_NAME = AppIcon;
				ASSETCATALOG_COMPILER_GLOBAL_ACCENT_COLOR_NAME = AccentColor;
				CODE_SIGN_STYLE = Automatic;
				DEVELOPMENT_TEAM = D82HCVQN26;
				INFOPLIST_FILE = InAppPushNotifications/Info.plist;
				LD_RUNPATH_SEARCH_PATHS = (
					"$(inherited)",
					"@executable_path/Frameworks",
				);
				PRODUCT_BUNDLE_IDENTIFIER = taras.minin.InAppPushNotifications;
				PRODUCT_NAME = "$(TARGET_NAME)";
				SWIFT_VERSION = 5.0;
				TARGETED_DEVICE_FAMILY = "1,2";
			};
			name = Debug;
		};
		7694309025B0C5BD00384461 /* Release */ = {
			isa = XCBuildConfiguration;
			buildSettings = {
				ASSETCATALOG_COMPILER_APPICON_NAME = AppIcon;
				ASSETCATALOG_COMPILER_GLOBAL_ACCENT_COLOR_NAME = AccentColor;
				CODE_SIGN_STYLE = Automatic;
				DEVELOPMENT_TEAM = D82HCVQN26;
				INFOPLIST_FILE = InAppPushNotifications/Info.plist;
				LD_RUNPATH_SEARCH_PATHS = (
					"$(inherited)",
					"@executable_path/Frameworks",
				);
				PRODUCT_BUNDLE_IDENTIFIER = taras.minin.InAppPushNotifications;
				PRODUCT_NAME = "$(TARGET_NAME)";
				SWIFT_VERSION = 5.0;
				TARGETED_DEVICE_FAMILY = "1,2";
			};
			name = Release;
		};
/* End XCBuildConfiguration section */

/* Begin XCConfigurationList section */
		7694307525B0C5BA00384461 /* Build configuration list for PBXProject "InAppPushNotifications" */ = {
			isa = XCConfigurationList;
			buildConfigurations = (
				7694308C25B0C5BD00384461 /* Debug */,
				7694308D25B0C5BD00384461 /* Release */,
			);
			defaultConfigurationIsVisible = 0;
			defaultConfigurationName = Release;
		};
		7694308E25B0C5BD00384461 /* Build configuration list for PBXNativeTarget "InAppPushNotifications" */ = {
			isa = XCConfigurationList;
			buildConfigurations = (
				7694308F25B0C5BD00384461 /* Debug */,
				7694309025B0C5BD00384461 /* Release */,
			);
			defaultConfigurationIsVisible = 0;
			defaultConfigurationName = Release;
		};
/* End XCConfigurationList section */
	};
	rootObject = 7694307225B0C5BA00384461 /* Project object */;
}
